
Microsoft Visual Studio Solution File, Format Version 12.00
# Visual Studio 15
VisualStudioVersion = 15.0.27004.2009
MinimumVisualStudioVersion = 10.0.40219.1
Project("{FAE04EC0-301F-11D3-BF4B-00C04F79EFBC}") = "MouseKeyboardLibrary", "MouseKeyboardLibrary\MouseKeyboardLibrary.csproj", "{F419622F-4D82-40A6-B4FB-3FE36579F018}"
EndProject
Project("{FAE04EC0-301F-11D3-BF4B-00C04F79EFBC}") = "Utility.General", "Utility.General\Utility.General.csproj", "{DC69F268-80C6-49CD-9337-B6ABFD5486E0}"
EndProject
Project("{FAE04EC0-301F-11D3-BF4B-00C04F79EFBC}") = "Utility.Memory", "Utility.Memory\Utility.Memory.csproj", "{F2285E15-EACE-4932-9F42-EEE6E8B83910}"
EndProject
Project("{FAE04EC0-301F-11D3-BF4B-00C04F79EFBC}") = "Utility.Input", "Utility.Input\Utility.Input.csproj", "{8CC6D278-5B29-4373-A40E-55F6706BE814}"
EndProject
Global
	GlobalSection(SolutionConfigurationPlatforms) = preSolution
		Debug|Any CPU = Debug|Any CPU
		Release|Any CPU = Release|Any CPU
	EndGlobalSection
	GlobalSection(ProjectConfigurationPlatforms) = postSolution
		{F419622F-4D82-40A6-B4FB-3FE36579F018}.Debug|Any CPU.ActiveCfg = Debug|Any CPU
		{F419622F-4D82-40A6-B4FB-3FE36579F018}.Debug|Any CPU.Build.0 = Debug|Any CPU
		{F419622F-4D82-40A6-B4FB-3FE36579F018}.Release|Any CPU.ActiveCfg = Release|Any CPU
		{F419622F-4D82-40A6-B4FB-3FE36579F018}.Release|Any CPU.Build.0 = Release|Any CPU
		{DC69F268-80C6-49CD-9337-B6ABFD5486E0}.Debug|Any CPU.ActiveCfg = Debug|Any CPU
		{DC69F268-80C6-49CD-9337-B6ABFD5486E0}.Debug|Any CPU.Build.0 = Debug|Any CPU
		{DC69F268-80C6-49CD-9337-B6ABFD5486E0}.Release|Any CPU.ActiveCfg = Release|Any CPU
		{DC69F268-80C6-49CD-9337-B6ABFD5486E0}.Release|Any CPU.Build.0 = Release|Any CPU
		{F2285E15-EACE-4932-9F42-EEE6E8B83910}.Debug|Any CPU.ActiveCfg = Debug|Any CPU
		{F2285E15-EACE-4932-9F42-EEE6E8B83910}.Debug|Any CPU.Build.0 = Debug|Any CPU
		{F2285E15-EACE-4932-9F42-EEE6E8B83910}.Release|Any CPU.ActiveCfg = Release|Any CPU
		{F2285E15-EACE-4932-9F42-EEE6E8B83910}.Release|Any CPU.Build.0 = Release|Any CPU
		{8CC6D278-5B29-4373-A40E-55F6706BE814}.Debug|Any CPU.ActiveCfg = Debug|Any CPU
		{8CC6D278-5B29-4373-A40E-55F6706BE814}.Debug|Any CPU.Build.0 = Debug|Any CPU
		{8CC6D278-5B29-4373-A40E-55F6706BE814}.Release|Any CPU.ActiveCfg = Release|Any CPU
		{8CC6D278-5B29-4373-A40E-55F6706BE814}.Release|Any CPU.Build.0 = Release|Any CPU
	EndGlobalSection
	GlobalSection(SolutionProperties) = preSolution
		HideSolutionNode = FALSE
	EndGlobalSection
	GlobalSection(ExtensibilityGlobals) = postSolution
		SolutionGuid = {F85D9423-E203-4C19-B959-1A17F62D4B2F}
	EndGlobalSection
EndGlobal
